// !$*UTF8*$!
{
	archiveVersion = 1;
	classes = {
	};
	objectVersion = 48;
	objects = {

/* Begin PBXBuildFile section */
		E713976C2070FC24003E5E17 /* main.m in Sources */ = {isa = PBXBuildFile; fileRef = E713976B2070FC24003E5E17 /* main.m */; };
		E71BC5602074171A003E7939 /* score.m in Sources */ = {isa = PBXBuildFile; fileRef = E71BC55F2074171A003E7939 /* score.m */; };
		E71BC56220741721003E7939 /* misc.m in Sources */ = {isa = PBXBuildFile; fileRef = E71BC56120741721003E7939 /* misc.m */; };
		E71BC56720741795003E7939 /* actions2.m in Sources */ = {isa = PBXBuildFile; fileRef = E71BC56320741794003E7939 /* actions2.m */; };
		E71BC56820741795003E7939 /* datime.m in Sources */ = {isa = PBXBuildFile; fileRef = E71BC56420741794003E7939 /* datime.m */; };
		E71BC56920741795003E7939 /* init.m in Sources */ = {isa = PBXBuildFile; fileRef = E71BC56520741794003E7939 /* init.m */; };
		E71BC56A20741795003E7939 /* actions1.m in Sources */ = {isa = PBXBuildFile; fileRef = E71BC56620741795003E7939 /* actions1.m */; };
		E71BC57420774877003E7939 /* tests.m in Sources */ = {isa = PBXBuildFile; fileRef = E71BC57320774877003E7939 /* tests.m */; };
/* End PBXBuildFile section */

/* Begin PBXCopyFilesBuildPhase section */
		E71397662070FC24003E5E17 /* CopyFiles */ = {
			isa = PBXCopyFilesBuildPhase;
			buildActionMask = 2147483647;
			dstPath = /usr/share/man/man1/;
			dstSubfolderSpec = 0;
			files = (
			);
			runOnlyForDeploymentPostprocessing = 1;
		};
/* End PBXCopyFilesBuildPhase section */

/* Begin PBXFileReference section */
		E71397682070FC24003E5E17 /* AdventureOrig */ = {isa = PBXFileReference; explicitFileType = "compiled.mach-o.executable"; includeInIndex = 0; path = AdventureOrig; sourceTree = BUILT_PRODUCTS_DIR; };
		E713976B2070FC24003E5E17 /* main.m */ = {isa = PBXFileReference; lastKnownFileType = sourcecode.c.objc; path = main.m; sourceTree = "<group>"; };
		E71397722070FC43003E5E17 /* misc.h */ = {isa = PBXFileReference; fileEncoding = 4; lastKnownFileType = sourcecode.c.h; path = misc.h; sourceTree = "<group>"; };
		E71397752070FC43003E5E17 /* funcs.h */ = {isa = PBXFileReference; fileEncoding = 4; lastKnownFileType = sourcecode.c.h; path = funcs.h; sourceTree = "<group>"; };
		E71397762070FC43003E5E17 /* adventure.text */ = {isa = PBXFileReference; fileEncoding = 4; lastKnownFileType = net.daringfireball.markdown; path = adventure.text; sourceTree = "<group>"; };
		E713977A2070FC44003E5E17 /* share.h */ = {isa = PBXFileReference; fileEncoding = 4; lastKnownFileType = sourcecode.c.h; path = share.h; sourceTree = "<group>"; };
		E713977C2070FC44003E5E17 /* main.h */ = {isa = PBXFileReference; fileEncoding = 4; lastKnownFileType = sourcecode.c.h; path = main.h; sourceTree = "<group>"; };
		E713977E2070FC44003E5E17 /* copyright */ = {isa = PBXFileReference; fileEncoding = 4; lastKnownFileType = text; path = copyright; sourceTree = "<group>"; };
		E71BC55F2074171A003E7939 /* score.m */ = {isa = PBXFileReference; lastKnownFileType = sourcecode.c.objc; path = score.m; sourceTree = "<group>"; };
		E71BC56120741721003E7939 /* misc.m */ = {isa = PBXFileReference; lastKnownFileType = sourcecode.c.objc; path = misc.m; sourceTree = "<group>"; };
		E71BC56320741794003E7939 /* actions2.m */ = {isa = PBXFileReference; fileEncoding = 4; lastKnownFileType = sourcecode.c.objc; path = actions2.m; sourceTree = "<group>"; };
		E71BC56420741794003E7939 /* datime.m */ = {isa = PBXFileReference; fileEncoding = 4; lastKnownFileType = sourcecode.c.objc; path = datime.m; sourceTree = "<group>"; };
		E71BC56520741794003E7939 /* init.m */ = {isa = PBXFileReference; fileEncoding = 4; lastKnownFileType = sourcecode.c.objc; path = init.m; sourceTree = "<group>"; };
		E71BC56620741795003E7939 /* actions1.m */ = {isa = PBXFileReference; fileEncoding = 4; lastKnownFileType = sourcecode.c.objc; path = actions1.m; sourceTree = "<group>"; };
		E71BC57120774877003E7939 /* tests.xctest */ = {isa = PBXFileReference; explicitFileType = wrapper.cfbundle; includeInIndex = 0; path = tests.xctest; sourceTree = BUILT_PRODUCTS_DIR; };
		E71BC57320774877003E7939 /* tests.m */ = {isa = PBXFileReference; lastKnownFileType = sourcecode.c.objc; path = tests.m; sourceTree = "<group>"; };
		E71BC57520774877003E7939 /* Info.plist */ = {isa = PBXFileReference; lastKnownFileType = text.plist.xml; path = Info.plist; sourceTree = "<group>"; };
/* End PBXFileReference section */

/* Begin PBXFrameworksBuildPhase section */
		E71397652070FC24003E5E17 /* Frameworks */ = {
			isa = PBXFrameworksBuildPhase;
			buildActionMask = 2147483647;
			files = (
			);
			runOnlyForDeploymentPostprocessing = 0;
		};
		E71BC56E20774877003E7939 /* Frameworks */ = {
			isa = PBXFrameworksBuildPhase;
			buildActionMask = 2147483647;
			files = (
			);
			runOnlyForDeploymentPostprocessing = 0;
		};
/* End PBXFrameworksBuildPhase section */

/* Begin PBXGroup section */
		E713975F2070FC24003E5E17 = {
			isa = PBXGroup;
			children = (
				E71BC56620741795003E7939 /* actions1.m */,
				E71BC56320741794003E7939 /* actions2.m */,
				E71397762070FC43003E5E17 /* adventure.text */,
				E713977E2070FC44003E5E17 /* copyright */,
				E71BC56420741794003E7939 /* datime.m */,
				E71397752070FC43003E5E17 /* funcs.h */,
				E71BC56520741794003E7939 /* init.m */,
				E713977C2070FC44003E5E17 /* main.h */,
				E713976B2070FC24003E5E17 /* main.m */,
				E71397722070FC43003E5E17 /* misc.h */,
				E71BC56120741721003E7939 /* misc.m */,
				E71BC57220774877003E7939 /* tests */,
				E71397692070FC24003E5E17 /* Products */,
				E71BC55F2074171A003E7939 /* score.m */,
				E713977A2070FC44003E5E17 /* share.h */,
			);
			sourceTree = "<group>";
		};
		E71397692070FC24003E5E17 /* Products */ = {
			isa = PBXGroup;
			children = (
				E71397682070FC24003E5E17 /* AdventureOrig */,
				E71BC57120774877003E7939 /* tests.xctest */,
			);
			name = Products;
			sourceTree = "<group>";
		};
		E71BC57220774877003E7939 /* tests */ = {
			isa = PBXGroup;
			children = (
				E71BC57320774877003E7939 /* tests.m */,
				E71BC57520774877003E7939 /* Info.plist */,
			);
			path = tests;
			sourceTree = "<group>";
		};
/* End PBXGroup section */

/* Begin PBXNativeTarget section */
		E71397672070FC24003E5E17 /* AdventureOrig */ = {
			isa = PBXNativeTarget;
			buildConfigurationList = E713976F2070FC24003E5E17 /* Build configuration list for PBXNativeTarget "AdventureOrig" */;
			buildPhases = (
				E71397642070FC24003E5E17 /* Sources */,
				E71397652070FC24003E5E17 /* Frameworks */,
				E71397662070FC24003E5E17 /* CopyFiles */,
			);
			buildRules = (
			);
			dependencies = (
			);
			name = AdventureOrig;
			productName = AdventureOrig;
			productReference = E71397682070FC24003E5E17 /* AdventureOrig */;
			productType = "com.apple.product-type.tool";
		};
		E71BC57020774877003E7939 /* tests */ = {
			isa = PBXNativeTarget;
			buildConfigurationList = E71BC57620774877003E7939 /* Build configuration list for PBXNativeTarget "tests" */;
			buildPhases = (
				E71BC56D20774877003E7939 /* Sources */,
				E71BC56E20774877003E7939 /* Frameworks */,
				E71BC56F20774877003E7939 /* Resources */,
			);
			buildRules = (
			);
			dependencies = (
			);
			name = tests;
			productName = tests;
			productReference = E71BC57120774877003E7939 /* tests.xctest */;
			productType = "com.apple.product-type.bundle.unit-test";
		};
/* End PBXNativeTarget section */

/* Begin PBXProject section */
		E71397602070FC24003E5E17 /* Project object */ = {
			isa = PBXProject;
			attributes = {
				LastUpgradeCheck = 0920;
				ORGANIZATIONNAME = "code masterss";
				TargetAttributes = {
					E71397672070FC24003E5E17 = {
						CreatedOnToolsVersion = 9.2;
						ProvisioningStyle = Automatic;
					};
					E71BC57020774877003E7939 = {
						CreatedOnToolsVersion = 9.2;
						ProvisioningStyle = Automatic;
					};
				};
			};
			buildConfigurationList = E71397632070FC24003E5E17 /* Build configuration list for PBXProject "AdventureOrig" */;
			compatibilityVersion = "Xcode 8.0";
			developmentRegion = en;
			hasScannedForEncodings = 0;
			knownRegions = (
				en,
			);
			mainGroup = E713975F2070FC24003E5E17;
			productRefGroup = E71397692070FC24003E5E17 /* Products */;
			projectDirPath = "";
			projectRoot = "";
			targets = (
				E71397672070FC24003E5E17 /* AdventureOrig */,
				E71BC57020774877003E7939 /* tests */,
			);
		};
/* End PBXProject section */

/* Begin PBXResourcesBuildPhase section */
		E71BC56F20774877003E7939 /* Resources */ = {
			isa = PBXResourcesBuildPhase;
			buildActionMask = 2147483647;
			files = (
			);
			runOnlyForDeploymentPostprocessing = 0;
		};
/* End PBXResourcesBuildPhase section */

/* Begin PBXSourcesBuildPhase section */
		E71397642070FC24003E5E17 /* Sources */ = {
			isa = PBXSourcesBuildPhase;
			buildActionMask = 2147483647;
			files = (
				E71BC56720741795003E7939 /* actions2.m in Sources */,
				E71BC5602074171A003E7939 /* score.m in Sources */,
				E71BC56820741795003E7939 /* datime.m in Sources */,
				E713976C2070FC24003E5E17 /* main.m in Sources */,
				E71BC56220741721003E7939 /* misc.m in Sources */,
				E71BC56A20741795003E7939 /* actions1.m in Sources */,
				E71BC56920741795003E7939 /* init.m in Sources */,
			);
			runOnlyForDeploymentPostprocessing = 0;
		};
		E71BC56D20774877003E7939 /* Sources */ = {
			isa = PBXSourcesBuildPhase;
			buildActionMask = 2147483647;
			files = (
				E71BC57420774877003E7939 /* tests.m in Sources */,
			);
			runOnlyForDeploymentPostprocessing = 0;
		};
/* End PBXSourcesBuildPhase section */

/* Begin XCBuildConfiguration section */
		E713976D2070FC24003E5E17 /* Debug */ = {
			isa = XCBuildConfiguration;
			buildSettings = {
				ALWAYS_SEARCH_USER_PATHS = NO;
				CLANG_ANALYZER_NONNULL = YES;
				CLANG_ANALYZER_NUMBER_OBJECT_CONVERSION = YES_AGGRESSIVE;
				CLANG_CXX_LANGUAGE_STANDARD = "gnu++14";
				CLANG_CXX_LIBRARY = "libc++";
				CLANG_ENABLE_MODULES = YES;
				CLANG_ENABLE_OBJC_ARC = YES;
				CLANG_WARN_BLOCK_CAPTURE_AUTORELEASING = YES;
				CLANG_WARN_BOOL_CONVERSION = YES;
				CLANG_WARN_COMMA = YES;
				CLANG_WARN_CONSTANT_CONVERSION = YES;
				CLANG_WARN_DIRECT_OBJC_ISA_USAGE = YES_ERROR;
				CLANG_WARN_DOCUMENTATION_COMMENTS = YES;
				CLANG_WARN_EMPTY_BODY = YES;
				CLANG_WARN_ENUM_CONVERSION = YES;
				CLANG_WARN_INFINITE_RECURSION = YES;
				CLANG_WARN_INT_CONVERSION = YES;
				CLANG_WARN_NON_LITERAL_NULL_CONVERSION = YES;
				CLANG_WARN_OBJC_LITERAL_CONVERSION = YES;
				CLANG_WARN_OBJC_ROOT_CLASS = YES_ERROR;
				CLANG_WARN_RANGE_LOOP_ANALYSIS = YES;
				CLANG_WARN_STRICT_PROTOTYPES = YES;
				CLANG_WARN_SUSPICIOUS_MOVE = YES;
				CLANG_WARN_UNGUARDED_AVAILABILITY = YES_AGGRESSIVE;
				CLANG_WARN_UNREACHABLE_CODE = YES;
				CLANG_WARN__DUPLICATE_METHOD_MATCH = YES;
				CODE_SIGN_IDENTITY = "Mac Developer";
				COPY_PHASE_STRIP = NO;
				DEBUG_INFORMATION_FORMAT = dwarf;
				ENABLE_STRICT_OBJC_MSGSEND = YES;
				ENABLE_TESTABILITY = YES;
				GCC_C_LANGUAGE_STANDARD = gnu11;
				GCC_DYNAMIC_NO_PIC = NO;
				GCC_NO_COMMON_BLOCKS = YES;
				GCC_OPTIMIZATION_LEVEL = 0;
				GCC_PREPROCESSOR_DEFINITIONS = (
					"DEBUG=1",
					"$(inherited)",
				);
				GCC_WARN_64_TO_32_BIT_CONVERSION = YES;
				GCC_WARN_ABOUT_RETURN_TYPE = YES_ERROR;
				GCC_WARN_UNDECLARED_SELECTOR = YES;
				GCC_WARN_UNINITIALIZED_AUTOS = YES_AGGRESSIVE;
				GCC_WARN_UNUSED_FUNCTION = YES;
				GCC_WARN_UNUSED_VARIABLE = YES;
				MACOSX_DEPLOYMENT_TARGET = 10.12;
				MTL_ENABLE_DEBUG_INFO = YES;
				ONLY_ACTIVE_ARCH = YES;
				SDKROOT = macosx;
			};
			name = Debug;
		};
		E713976E2070FC24003E5E17 /* Release */ = {
			isa = XCBuildConfiguration;
			buildSettings = {
				ALWAYS_SEARCH_USER_PATHS = NO;
				CLANG_ANALYZER_NONNULL = YES;
				CLANG_ANALYZER_NUMBER_OBJECT_CONVERSION = YES_AGGRESSIVE;
				CLANG_CXX_LANGUAGE_STANDARD = "gnu++14";
				CLANG_CXX_LIBRARY = "libc++";
				CLANG_ENABLE_MODULES = YES;
				CLANG_ENABLE_OBJC_ARC = YES;
				CLANG_WARN_BLOCK_CAPTURE_AUTORELEASING = YES;
				CLANG_WARN_BOOL_CONVERSION = YES;
				CLANG_WARN_COMMA = YES;
				CLANG_WARN_CONSTANT_CONVERSION = YES;
				CLANG_WARN_DIRECT_OBJC_ISA_USAGE = YES_ERROR;
				CLANG_WARN_DOCUMENTATION_COMMENTS = YES;
				CLANG_WARN_EMPTY_BODY = YES;
				CLANG_WARN_ENUM_CONVERSION = YES;
				CLANG_WARN_INFINITE_RECURSION = YES;
				CLANG_WARN_INT_CONVERSION = YES;
				CLANG_WARN_NON_LITERAL_NULL_CONVERSION = YES;
				CLANG_WARN_OBJC_LITERAL_CONVERSION = YES;
				CLANG_WARN_OBJC_ROOT_CLASS = YES_ERROR;
				CLANG_WARN_RANGE_LOOP_ANALYSIS = YES;
				CLANG_WARN_STRICT_PROTOTYPES = YES;
				CLANG_WARN_SUSPICIOUS_MOVE = YES;
				CLANG_WARN_UNGUARDED_AVAILABILITY = YES_AGGRESSIVE;
				CLANG_WARN_UNREACHABLE_CODE = YES;
				CLANG_WARN__DUPLICATE_METHOD_MATCH = YES;
				CODE_SIGN_IDENTITY = "Mac Developer";
				COPY_PHASE_STRIP = NO;
				DEBUG_INFORMATION_FORMAT = "dwarf-with-dsym";
				ENABLE_NS_ASSERTIONS = NO;
				ENABLE_STRICT_OBJC_MSGSEND = YES;
				GCC_C_LANGUAGE_STANDARD = gnu11;
				GCC_NO_COMMON_BLOCKS = YES;
				GCC_WARN_64_TO_32_BIT_CONVERSION = YES;
				GCC_WARN_ABOUT_RETURN_TYPE = YES_ERROR;
				GCC_WARN_UNDECLARED_SELECTOR = YES;
				GCC_WARN_UNINITIALIZED_AUTOS = YES_AGGRESSIVE;
				GCC_WARN_UNUSED_FUNCTION = YES;
				GCC_WARN_UNUSED_VARIABLE = YES;
				MACOSX_DEPLOYMENT_TARGET = 10.12;
				MTL_ENABLE_DEBUG_INFO = NO;
				SDKROOT = macosx;
			};
			name = Release;
		};
		E71397702070FC24003E5E17 /* Debug */ = {
			isa = XCBuildConfiguration;
			buildSettings = {
				CODE_SIGN_STYLE = Automatic;
				DEVELOPMENT_TEAM = YURMR997RR;
				PRODUCT_NAME = "$(TARGET_NAME)";
			};
			name = Debug;
		};
		E71397712070FC24003E5E17 /* Release */ = {
			isa = XCBuildConfiguration;
			buildSettings = {
				CODE_SIGN_STYLE = Automatic;
				DEVELOPMENT_TEAM = YURMR997RR;
				PRODUCT_NAME = "$(TARGET_NAME)";
			};
			name = Release;
		};
		E71BC57720774877003E7939 /* Debug */ = {
			isa = XCBuildConfiguration;
			buildSettings = {
				CODE_SIGN_STYLE = Automatic;
				COMBINE_HIDPI_IMAGES = YES;
				DEVELOPMENT_TEAM = YURMR997RR;
				INFOPLIST_FILE = tests/Info.plist;
				LD_RUNPATH_SEARCH_PATHS = "$(inherited) @executable_path/../Frameworks @loader_path/../Frameworks";
				PRODUCT_BUNDLE_IDENTIFIER = com.kuch.tests;
				PRODUCT_NAME = "$(TARGET_NAME)";
			};
			name = Debug;
		};
		E71BC57820774877003E7939 /* Release */ = {
			isa = XCBuildConfiguration;
			buildSettings = {
				CODE_SIGN_STYLE = Automatic;
				COMBINE_HIDPI_IMAGES = YES;
				DEVELOPMENT_TEAM = YURMR997RR;
				INFOPLIST_FILE = tests/Info.plist;
				LD_RUNPATH_SEARCH_PATHS = "$(inherited) @executable_path/../Frameworks @loader_path/../Frameworks";
				PRODUCT_BUNDLE_IDENTIFIER = com.kuch.tests;
				PRODUCT_NAME = "$(TARGET_NAME)";
			};
			name = Release;
		};
/* End XCBuildConfiguration section */

/* Begin XCConfigurationList section */
		E71397632070FC24003E5E17 /* Build configuration list for PBXProject "AdventureOrig" */ = {
			isa = XCConfigurationList;
			buildConfigurations = (
				E713976D2070FC24003E5E17 /* Debug */,
				E713976E2070FC24003E5E17 /* Release */,
			);
			defaultConfigurationIsVisible = 0;
			defaultConfigurationName = Release;
		};
		E713976F2070FC24003E5E17 /* Build configuration list for PBXNativeTarget "AdventureOrig" */ = {
			isa = XCConfigurationList;
			buildConfigurations = (
				E71397702070FC24003E5E17 /* Debug */,
				E71397712070FC24003E5E17 /* Release */,
			);
			defaultConfigurationIsVisible = 0;
			defaultConfigurationName = Release;
		};
		E71BC57620774877003E7939 /* Build configuration list for PBXNativeTarget "tests" */ = {
			isa = XCConfigurationList;
			buildConfigurations = (
				E71BC57720774877003E7939 /* Debug */,
				E71BC57820774877003E7939 /* Release */,
			);
			defaultConfigurationIsVisible = 0;
			defaultConfigurationName = Release;
		};
/* End XCConfigurationList section */
	};
	rootObject = E71397602070FC24003E5E17 /* Project object */;
}
